
Microsoft Visual Studio Solution File, Format Version 12.00
# Visual Studio Version 17
VisualStudioVersion = 17.14.36705.20 d17.14
MinimumVisualStudioVersion = 10.0.40219.1
Project("{FAE04EC0-301F-11D3-BF4B-00C04F79EFBC}") = "GITStudentManager", "GITStudentManager.csproj", "{86AF8222-7A9C-4E0D-82D3-6C183EA62211}"
EndProject
Global
	GlobalSection(SolutionConfigurationPlatforms) = preSolution
		Debug|Any CPU = Debug|Any CPU
		Release|Any CPU = Release|Any CPU
	EndGlobalSection
	GlobalSection(ProjectConfigurationPlatforms) = postSolution
		{86AF8222-7A9C-4E0D-82D3-6C183EA62211}.Debug|Any CPU.ActiveCfg = Debug|Any CPU
		{86AF8222-7A9C-4E0D-82D3-6C183EA62211}.Debug|Any CPU.Build.0 = Debug|Any CPU
		{86AF8222-7A9C-4E0D-82D3-6C183EA62211}.Release|Any CPU.ActiveCfg = Release|Any CPU
		{86AF8222-7A9C-4E0D-82D3-6C183EA62211}.Release|Any CPU.Build.0 = Release|Any CPU
	EndGlobalSection
	GlobalSection(SolutionProperties) = preSolution
		HideSolutionNode = FALSE
	EndGlobalSection
	GlobalSection(ExtensibilityGlobals) = postSolution
		SolutionGuid = {E3B6F06D-E115-40BB-A0EA-4213D71BF955}
	EndGlobalSection
EndGlobal
